
Microsoft Visual Studio Solution File, Format Version 12.00
# Visual Studio 14
VisualStudioVersion = 14.0.25420.1
MinimumVisualStudioVersion = 10.0.40219.1
Project("{FAE04EC0-301F-11D3-BF4B-00C04F79EFBC}") = "LinqBasicTutorial", "LinqBasicTutorial\LinqBasicTutorial.csproj", "{EDAA4984-1CD6-49A1-AF5C-049DC3AAD36B}"
EndProject
Global
	GlobalSection(SolutionConfigurationPlatforms) = preSolution
		Debug|Any CPU = Debug|Any CPU
		Release|Any CPU = Release|Any CPU
	EndGlobalSection
	GlobalSection(ProjectConfigurationPlatforms) = postSolution
		{EDAA4984-1CD6-49A1-AF5C-049DC3AAD36B}.Debug|Any CPU.ActiveCfg = Debug|Any CPU
		{EDAA4984-1CD6-49A1-AF5C-049DC3AAD36B}.Debug|Any CPU.Build.0 = Debug|Any CPU
		{EDAA4984-1CD6-49A1-AF5C-049DC3AAD36B}.Release|Any CPU.ActiveCfg = Release|Any CPU
		{EDAA4984-1CD6-49A1-AF5C-049DC3AAD36B}.Release|Any CPU.Build.0 = Release|Any CPU
	EndGlobalSection
	GlobalSection(SolutionProperties) = preSolution
		HideSolutionNode = FALSE
	EndGlobalSection
EndGlobal
